
Microsoft Visual Studio Solution File, Format Version 12.00
# Visual Studio Version 17
VisualStudioVersion = 17.11.35312.102
MinimumVisualStudioVersion = 10.0.40219.1
Project("{FAE04EC0-301F-11D3-BF4B-00C04F79EFBC}") = "CursoOnline.DominioTest", "CursoOnline.DominioTest\CursoOnline.DominioTest.csproj", "{20F16CC6-3A62-4E4E-A819-8D82571D3A44}"
EndProject
Project("{FAE04EC0-301F-11D3-BF4B-00C04F79EFBC}") = "CursoOnline.Dominio", "CursoOnline.Dominio\CursoOnline.Dominio.csproj", "{D66252DD-899F-4B05-B320-60DBCA6F9936}"
EndProject
Global
	GlobalSection(SolutionConfigurationPlatforms) = preSolution
		Debug|Any CPU = Debug|Any CPU
		Release|Any CPU = Release|Any CPU
	EndGlobalSection
	GlobalSection(ProjectConfigurationPlatforms) = postSolution
		{20F16CC6-3A62-4E4E-A819-8D82571D3A44}.Debug|Any CPU.ActiveCfg = Debug|Any CPU
		{20F16CC6-3A62-4E4E-A819-8D82571D3A44}.Debug|Any CPU.Build.0 = Debug|Any CPU
		{20F16CC6-3A62-4E4E-A819-8D82571D3A44}.Release|Any CPU.ActiveCfg = Release|Any CPU
		{20F16CC6-3A62-4E4E-A819-8D82571D3A44}.Release|Any CPU.Build.0 = Release|Any CPU
		{D66252DD-899F-4B05-B320-60DBCA6F9936}.Debug|Any CPU.ActiveCfg = Debug|Any CPU
		{D66252DD-899F-4B05-B320-60DBCA6F9936}.Debug|Any CPU.Build.0 = Debug|Any CPU
		{D66252DD-899F-4B05-B320-60DBCA6F9936}.Release|Any CPU.ActiveCfg = Release|Any CPU
		{D66252DD-899F-4B05-B320-60DBCA6F9936}.Release|Any CPU.Build.0 = Release|Any CPU
	EndGlobalSection
	GlobalSection(SolutionProperties) = preSolution
		HideSolutionNode = FALSE
	EndGlobalSection
	GlobalSection(ExtensibilityGlobals) = postSolution
		SolutionGuid = {451B0F3B-C88B-4857-B3CA-B4F730FF74CE}
	EndGlobalSection
EndGlobal
